
Microsoft Visual Studio Solution File, Format Version 12.00
# Visual Studio Version 17
VisualStudioVersion = 17.6.33815.320
MinimumVisualStudioVersion = 10.0.40219.1
Project("{FAE04EC0-301F-11D3-BF4B-00C04F79EFBC}") = "Test2", "TestExercise\Test2.csproj", "{E1AE67ED-C0BA-4008-B2BB-3519F1DD9E44}"
EndProject
Project("{FAE04EC0-301F-11D3-BF4B-00C04F79EFBC}") = "Test1", "Test1\Test1.csproj", "{50932447-C4F9-447D-944F-7702F3A51843}"
EndProject
Global
	GlobalSection(SolutionConfigurationPlatforms) = preSolution
		Debug|Any CPU = Debug|Any CPU
		Release|Any CPU = Release|Any CPU
	EndGlobalSection
	GlobalSection(ProjectConfigurationPlatforms) = postSolution
		{E1AE67ED-C0BA-4008-B2BB-3519F1DD9E44}.Debug|Any CPU.ActiveCfg = Debug|Any CPU
		{E1AE67ED-C0BA-4008-B2BB-3519F1DD9E44}.Debug|Any CPU.Build.0 = Debug|Any CPU
		{E1AE67ED-C0BA-4008-B2BB-3519F1DD9E44}.Release|Any CPU.ActiveCfg = Release|Any CPU
		{E1AE67ED-C0BA-4008-B2BB-3519F1DD9E44}.Release|Any CPU.Build.0 = Release|Any CPU
		{50932447-C4F9-447D-944F-7702F3A51843}.Debug|Any CPU.ActiveCfg = Debug|Any CPU
		{50932447-C4F9-447D-944F-7702F3A51843}.Debug|Any CPU.Build.0 = Debug|Any CPU
		{50932447-C4F9-447D-944F-7702F3A51843}.Release|Any CPU.ActiveCfg = Release|Any CPU
		{50932447-C4F9-447D-944F-7702F3A51843}.Release|Any CPU.Build.0 = Release|Any CPU
	EndGlobalSection
	GlobalSection(SolutionProperties) = preSolution
		HideSolutionNode = FALSE
	EndGlobalSection
	GlobalSection(ExtensibilityGlobals) = postSolution
		SolutionGuid = {1E534382-D63F-4CE9-B00A-2F8A576CF79B}
	EndGlobalSection
EndGlobal
